
Microsoft Visual Studio Solution File, Format Version 12.00
Project("{F2A71F9B-5D33-465A-A702-920D77279786}") = "CFPQ_GLL", "CFPQ_GLL\CFPQ_GLL.fsproj", "{D949A947-42A7-4158-A65D-D9FE3072656A}"
EndProject
Project("{F2A71F9B-5D33-465A-A702-920D77279786}") = "Tests", "Tests\Tests.fsproj", "{63EB4C20-D4A8-49C3-80D2-E3AADAC649DA}"
EndProject
Project("{F2A71F9B-5D33-465A-A702-920D77279786}") = "Benchmarks", "Benchmarks\Benchmarks.fsproj", "{22338132-7D21-4212-9EED-73C8107E890A}"
EndProject
Project("{F2A71F9B-5D33-465A-A702-920D77279786}") = "ParsingDemo", "ParsingDemo\ParsingDemo.fsproj", "{F8221045-EA49-4CF5-A421-529BFABD8E84}"
EndProject
Global
	GlobalSection(SolutionConfigurationPlatforms) = preSolution
		Debug|Any CPU = Debug|Any CPU
		Release|Any CPU = Release|Any CPU
	EndGlobalSection
	GlobalSection(ProjectConfigurationPlatforms) = postSolution
		{D949A947-42A7-4158-A65D-D9FE3072656A}.Debug|Any CPU.ActiveCfg = Debug|Any CPU
		{D949A947-42A7-4158-A65D-D9FE3072656A}.Debug|Any CPU.Build.0 = Debug|Any CPU
		{D949A947-42A7-4158-A65D-D9FE3072656A}.Release|Any CPU.ActiveCfg = Release|Any CPU
		{D949A947-42A7-4158-A65D-D9FE3072656A}.Release|Any CPU.Build.0 = Release|Any CPU
		{63EB4C20-D4A8-49C3-80D2-E3AADAC649DA}.Debug|Any CPU.ActiveCfg = Debug|Any CPU
		{63EB4C20-D4A8-49C3-80D2-E3AADAC649DA}.Debug|Any CPU.Build.0 = Debug|Any CPU
		{63EB4C20-D4A8-49C3-80D2-E3AADAC649DA}.Release|Any CPU.ActiveCfg = Release|Any CPU
		{63EB4C20-D4A8-49C3-80D2-E3AADAC649DA}.Release|Any CPU.Build.0 = Release|Any CPU
		{22338132-7D21-4212-9EED-73C8107E890A}.Debug|Any CPU.ActiveCfg = Debug|Any CPU
		{22338132-7D21-4212-9EED-73C8107E890A}.Debug|Any CPU.Build.0 = Debug|Any CPU
		{22338132-7D21-4212-9EED-73C8107E890A}.Release|Any CPU.ActiveCfg = Release|Any CPU
		{22338132-7D21-4212-9EED-73C8107E890A}.Release|Any CPU.Build.0 = Release|Any CPU
		{F8221045-EA49-4CF5-A421-529BFABD8E84}.Debug|Any CPU.ActiveCfg = Debug|Any CPU
		{F8221045-EA49-4CF5-A421-529BFABD8E84}.Debug|Any CPU.Build.0 = Debug|Any CPU
		{F8221045-EA49-4CF5-A421-529BFABD8E84}.Release|Any CPU.ActiveCfg = Release|Any CPU
		{F8221045-EA49-4CF5-A421-529BFABD8E84}.Release|Any CPU.Build.0 = Release|Any CPU
	EndGlobalSection
EndGlobal
